
Microsoft Visual Studio Solution File, Format Version 12.00
# Visual Studio Version 16
VisualStudioVersion = 16.0.31410.357
MinimumVisualStudioVersion = 10.0.40219.1
Project("{FAE04EC0-301F-11D3-BF4B-00C04F79EFBC}") = "PromotionEngine", "PromotionEngine\PromotionEngine.csproj", "{5BA06FBA-B3BD-4AEB-A01D-407EAE9742DD}"
EndProject
Project("{FAE04EC0-301F-11D3-BF4B-00C04F79EFBC}") = "PromotionEngine.Tests", "PromotionEngine.Tests\PromotionEngine.Tests.csproj", "{9AAB9700-B6AD-4DB8-9798-C65181D1B724}"
EndProject
Global
	GlobalSection(SolutionConfigurationPlatforms) = preSolution
		Debug|Any CPU = Debug|Any CPU
		Release|Any CPU = Release|Any CPU
	EndGlobalSection
	GlobalSection(ProjectConfigurationPlatforms) = postSolution
		{5BA06FBA-B3BD-4AEB-A01D-407EAE9742DD}.Debug|Any CPU.ActiveCfg = Debug|Any CPU
		{5BA06FBA-B3BD-4AEB-A01D-407EAE9742DD}.Debug|Any CPU.Build.0 = Debug|Any CPU
		{5BA06FBA-B3BD-4AEB-A01D-407EAE9742DD}.Release|Any CPU.ActiveCfg = Release|Any CPU
		{5BA06FBA-B3BD-4AEB-A01D-407EAE9742DD}.Release|Any CPU.Build.0 = Release|Any CPU
		{9AAB9700-B6AD-4DB8-9798-C65181D1B724}.Debug|Any CPU.ActiveCfg = Debug|Any CPU
		{9AAB9700-B6AD-4DB8-9798-C65181D1B724}.Debug|Any CPU.Build.0 = Debug|Any CPU
		{9AAB9700-B6AD-4DB8-9798-C65181D1B724}.Release|Any CPU.ActiveCfg = Release|Any CPU
		{9AAB9700-B6AD-4DB8-9798-C65181D1B724}.Release|Any CPU.Build.0 = Release|Any CPU
	EndGlobalSection
	GlobalSection(SolutionProperties) = preSolution
		HideSolutionNode = FALSE
	EndGlobalSection
	GlobalSection(ExtensibilityGlobals) = postSolution
		SolutionGuid = {22383087-7A8C-472E-A1EF-5A096A787E2A}
	EndGlobalSection
EndGlobal
